// !$*UTF8*$!
{
	archiveVersion = 1;
	classes = {
	};
	objectVersion = 50;
	objects = {

/* Begin PBXBuildFile section */
		DEC3B436270076AB000E1F7D /* AppDelegate.swift in Sources */ = {isa = PBXBuildFile; fileRef = DEC3B435270076AB000E1F7D /* AppDelegate.swift */; };
		DEC3B438270076AB000E1F7D /* SceneDelegate.swift in Sources */ = {isa = PBXBuildFile; fileRef = DEC3B437270076AB000E1F7D /* SceneDelegate.swift */; };
		DEC3B43A270076AB000E1F7D /* ViewController.swift in Sources */ = {isa = PBXBuildFile; fileRef = DEC3B439270076AB000E1F7D /* ViewController.swift */; };
		DEC3B43D270076AB000E1F7D /* Main.storyboard in Resources */ = {isa = PBXBuildFile; fileRef = DEC3B43B270076AB000E1F7D /* Main.storyboard */; };
		DEC3B43F270076AC000E1F7D /* Assets.xcassets in Resources */ = {isa = PBXBuildFile; fileRef = DEC3B43E270076AC000E1F7D /* Assets.xcassets */; };
		DEC3B442270076AC000E1F7D /* LaunchScreen.storyboard in Resources */ = {isa = PBXBuildFile; fileRef = DEC3B440270076AC000E1F7D /* LaunchScreen.storyboard */; };
		DEC3B44A270080EE000E1F7D /* Schedul.swift in Sources */ = {isa = PBXBuildFile; fileRef = DEC3B449270080EE000E1F7D /* Schedul.swift */; };
		DEC3B44C270086BF000E1F7D /* Study.swift in Sources */ = {isa = PBXBuildFile; fileRef = DEC3B44B270086BF000E1F7D /* Study.swift */; };
		DEC3B44E270086F2000E1F7D /* Exercise.swift in Sources */ = {isa = PBXBuildFile; fileRef = DEC3B44D270086F2000E1F7D /* Exercise.swift */; };
/* End PBXBuildFile section */

/* Begin PBXFileReference section */
		DEC3B432270076AB000E1F7D /* exercise plan.app */ = {isa = PBXFileReference; explicitFileType = wrapper.application; includeInIndex = 0; path = "exercise plan.app"; sourceTree = BUILT_PRODUCTS_DIR; };
		DEC3B435270076AB000E1F7D /* AppDelegate.swift */ = {isa = PBXFileReference; lastKnownFileType = sourcecode.swift; path = AppDelegate.swift; sourceTree = "<group>"; };
		DEC3B437270076AB000E1F7D /* SceneDelegate.swift */ = {isa = PBXFileReference; lastKnownFileType = sourcecode.swift; path = SceneDelegate.swift; sourceTree = "<group>"; };
		DEC3B439270076AB000E1F7D /* ViewController.swift */ = {isa = PBXFileReference; lastKnownFileType = sourcecode.swift; path = ViewController.swift; sourceTree = "<group>"; };
		DEC3B43C270076AB000E1F7D /* Base */ = {isa = PBXFileReference; lastKnownFileType = file.storyboard; name = Base; path = Base.lproj/Main.storyboard; sourceTree = "<group>"; };
		DEC3B43E270076AC000E1F7D /* Assets.xcassets */ = {isa = PBXFileReference; lastKnownFileType = folder.assetcatalog; path = Assets.xcassets; sourceTree = "<group>"; };
		DEC3B441270076AC000E1F7D /* Base */ = {isa = PBXFileReference; lastKnownFileType = file.storyboard; name = Base; path = Base.lproj/LaunchScreen.storyboard; sourceTree = "<group>"; };
		DEC3B443270076AC000E1F7D /* Info.plist */ = {isa = PBXFileReference; lastKnownFileType = text.plist.xml; path = Info.plist; sourceTree = "<group>"; };
		DEC3B449270080EE000E1F7D /* Schedul.swift */ = {isa = PBXFileReference; lastKnownFileType = sourcecode.swift; path = Schedul.swift; sourceTree = "<group>"; };
		DEC3B44B270086BF000E1F7D /* Study.swift */ = {isa = PBXFileReference; lastKnownFileType = sourcecode.swift; path = Study.swift; sourceTree = "<group>"; };
		DEC3B44D270086F2000E1F7D /* Exercise.swift */ = {isa = PBXFileReference; lastKnownFileType = sourcecode.swift; path = Exercise.swift; sourceTree = "<group>"; };
/* End PBXFileReference section */

/* Begin PBXFrameworksBuildPhase section */
		DEC3B42F270076AB000E1F7D /* Frameworks */ = {
			isa = PBXFrameworksBuildPhase;
			buildActionMask = 2147483647;
			files = (
			);
			runOnlyForDeploymentPostprocessing = 0;
		};
/* End PBXFrameworksBuildPhase section */

/* Begin PBXGroup section */
		DEC3B429270076AB000E1F7D = {
			isa = PBXGroup;
			children = (
				DEC3B434270076AB000E1F7D /* exercise plan */,
				DEC3B433270076AB000E1F7D /* Products */,
			);
			sourceTree = "<group>";
		};
		DEC3B433270076AB000E1F7D /* Products */ = {
			isa = PBXGroup;
			children = (
				DEC3B432270076AB000E1F7D /* exercise plan.app */,
			);
			name = Products;
			sourceTree = "<group>";
		};
		DEC3B434270076AB000E1F7D /* exercise plan */ = {
			isa = PBXGroup;
			children = (
				DEC3B435270076AB000E1F7D /* AppDelegate.swift */,
				DEC3B437270076AB000E1F7D /* SceneDelegate.swift */,
				DEE30E542704540A007E2135 /* Controller */,
				DEE30E5327045400007E2135 /* View */,
				DEC3B43E270076AC000E1F7D /* Assets.xcassets */,
				DEC3B440270076AC000E1F7D /* LaunchScreen.storyboard */,
				DEC3B443270076AC000E1F7D /* Info.plist */,
			);
			path = "exercise plan";
			sourceTree = "<group>";
		};
		DEE30E5327045400007E2135 /* View */ = {
			isa = PBXGroup;
			children = (
				DEC3B43B270076AB000E1F7D /* Main.storyboard */,
			);
			path = View;
			sourceTree = "<group>";
		};
		DEE30E542704540A007E2135 /* Controller */ = {
			isa = PBXGroup;
			children = (
				DEC3B449270080EE000E1F7D /* Schedul.swift */,
				DEC3B44B270086BF000E1F7D /* Study.swift */,
				DEC3B439270076AB000E1F7D /* ViewController.swift */,
				DEC3B44D270086F2000E1F7D /* Exercise.swift */,
			);
			path = Controller;
			sourceTree = "<group>";
		};
/* End PBXGroup section */

/* Begin PBXNativeTarget section */
		DEC3B431270076AB000E1F7D /* exercise plan */ = {
			isa = PBXNativeTarget;
			buildConfigurationList = DEC3B446270076AC000E1F7D /* Build configuration list for PBXNativeTarget "exercise plan" */;
			buildPhases = (
				DEC3B42E270076AB000E1F7D /* Sources */,
				DEC3B42F270076AB000E1F7D /* Frameworks */,
				DEC3B430270076AB000E1F7D /* Resources */,
			);
			buildRules = (
			);
			dependencies = (
			);
			name = "exercise plan";
			productName = "exercise plan";
			productReference = DEC3B432270076AB000E1F7D /* exercise plan.app */;
			productType = "com.apple.product-type.application";
		};
/* End PBXNativeTarget section */

/* Begin PBXProject section */
		DEC3B42A270076AB000E1F7D /* Project object */ = {
			isa = PBXProject;
			attributes = {
				LastSwiftUpdateCheck = 1250;
				LastUpgradeCheck = 1250;
				TargetAttributes = {
					DEC3B431270076AB000E1F7D = {
						CreatedOnToolsVersion = 12.5.1;
					};
				};
			};
			buildConfigurationList = DEC3B42D270076AB000E1F7D /* Build configuration list for PBXProject "exercise plan" */;
			compatibilityVersion = "Xcode 9.3";
			developmentRegion = en;
			hasScannedForEncodings = 0;
			knownRegions = (
				en,
				Base,
			);
			mainGroup = DEC3B429270076AB000E1F7D;
			productRefGroup = DEC3B433270076AB000E1F7D /* Products */;
			projectDirPath = "";
			projectRoot = "";
			targets = (
				DEC3B431270076AB000E1F7D /* exercise plan */,
			);
		};
/* End PBXProject section */

/* Begin PBXResourcesBuildPhase section */
		DEC3B430270076AB000E1F7D /* Resources */ = {
			isa = PBXResourcesBuildPhase;
			buildActionMask = 2147483647;
			files = (
				DEC3B442270076AC000E1F7D /* LaunchScreen.storyboard in Resources */,
				DEC3B43F270076AC000E1F7D /* Assets.xcassets in Resources */,
				DEC3B43D270076AB000E1F7D /* Main.storyboard in Resources */,
			);
			runOnlyForDeploymentPostprocessing = 0;
		};
/* End PBXResourcesBuildPhase section */

/* Begin PBXSourcesBuildPhase section */
		DEC3B42E270076AB000E1F7D /* Sources */ = {
			isa = PBXSourcesBuildPhase;
			buildActionMask = 2147483647;
			files = (
				DEC3B44C270086BF000E1F7D /* Study.swift in Sources */,
				DEC3B44A270080EE000E1F7D /* Schedul.swift in Sources */,
				DEC3B43A270076AB000E1F7D /* ViewController.swift in Sources */,
				DEC3B436270076AB000E1F7D /* AppDelegate.swift in Sources */,
				DEC3B438270076AB000E1F7D /* SceneDelegate.swift in Sources */,
				DEC3B44E270086F2000E1F7D /* Exercise.swift in Sources */,
			);
			runOnlyForDeploymentPostprocessing = 0;
		};
/* End PBXSourcesBuildPhase section */

/* Begin PBXVariantGroup section */
		DEC3B43B270076AB000E1F7D /* Main.storyboard */ = {
			isa = PBXVariantGroup;
			children = (
				DEC3B43C270076AB000E1F7D /* Base */,
			);
			name = Main.storyboard;
			sourceTree = "<group>";
		};
		DEC3B440270076AC000E1F7D /* LaunchScreen.storyboard */ = {
			isa = PBXVariantGroup;
			children = (
				DEC3B441270076AC000E1F7D /* Base */,
			);
			name = LaunchScreen.storyboard;
			sourceTree = "<group>";
		};
/* End PBXVariantGroup section */

/* Begin XCBuildConfiguration section */
		DEC3B444270076AC000E1F7D /* Debug */ = {
			isa = XCBuildConfiguration;
			buildSettings = {
				ALWAYS_SEARCH_USER_PATHS = NO;
				CLANG_ANALYZER_NONNULL = YES;
				CLANG_ANALYZER_NUMBER_OBJECT_CONVERSION = YES_AGGRESSIVE;
				CLANG_CXX_LANGUAGE_STANDARD = "gnu++14";
				CLANG_CXX_LIBRARY = "libc++";
				CLANG_ENABLE_MODULES = YES;
				CLANG_ENABLE_OBJC_ARC = YES;
				CLANG_ENABLE_OBJC_WEAK = YES;
				CLANG_WARN_BLOCK_CAPTURE_AUTORELEASING = YES;
				CLANG_WARN_BOOL_CONVERSION = YES;
				CLANG_WARN_COMMA = YES;
				CLANG_WARN_CONSTANT_CONVERSION = YES;
				CLANG_WARN_DEPRECATED_OBJC_IMPLEMENTATIONS = YES;
				CLANG_WARN_DIRECT_OBJC_ISA_USAGE = YES_ERROR;
				CLANG_WARN_DOCUMENTATION_COMMENTS = YES;
				CLANG_WARN_EMPTY_BODY = YES;
				CLANG_WARN_ENUM_CONVERSION = YES;
				CLANG_WARN_INFINITE_RECURSION = YES;
				CLANG_WARN_INT_CONVERSION = YES;
				CLANG_WARN_NON_LITERAL_NULL_CONVERSION = YES;
				CLANG_WARN_OBJC_IMPLICIT_RETAIN_SELF = YES;
				CLANG_WARN_OBJC_LITERAL_CONVERSION = YES;
				CLANG_WARN_OBJC_ROOT_CLASS = YES_ERROR;
				CLANG_WARN_QUOTED_INCLUDE_IN_FRAMEWORK_HEADER = YES;
				CLANG_WARN_RANGE_LOOP_ANALYSIS = YES;
				CLANG_WARN_STRICT_PROTOTYPES = YES;
				CLANG_WARN_SUSPICIOUS_MOVE = YES;
				CLANG_WARN_UNGUARDED_AVAILABILITY = YES_AGGRESSIVE;
				CLANG_WARN_UNREACHABLE_CODE = YES;
				CLANG_WARN__DUPLICATE_METHOD_MATCH = YES;
				COPY_PHASE_STRIP = NO;
				DEBUG_INFORMATION_FORMAT = dwarf;
				ENABLE_STRICT_OBJC_MSGSEND = YES;
				ENABLE_TESTABILITY = YES;
				GCC_C_LANGUAGE_STANDARD = gnu11;
				GCC_DYNAMIC_NO_PIC = NO;
				GCC_NO_COMMON_BLOCKS = YES;
				GCC_OPTIMIZATION_LEVEL = 0;
				GCC_PREPROCESSOR_DEFINITIONS = (
					"DEBUG=1",
					"$(inherited)",
				);
				GCC_WARN_64_TO_32_BIT_CONVERSION = YES;
				GCC_WARN_ABOUT_RETURN_TYPE = YES_ERROR;
				GCC_WARN_UNDECLARED_SELECTOR = YES;
				GCC_WARN_UNINITIALIZED_AUTOS = YES_AGGRESSIVE;
				GCC_WARN_UNUSED_FUNCTION = YES;
				GCC_WARN_UNUSED_VARIABLE = YES;
				IPHONEOS_DEPLOYMENT_TARGET = 14.5;
				MTL_ENABLE_DEBUG_INFO = INCLUDE_SOURCE;
				MTL_FAST_MATH = YES;
				ONLY_ACTIVE_ARCH = YES;
				SDKROOT = iphoneos;
				SWIFT_ACTIVE_COMPILATION_CONDITIONS = DEBUG;
				SWIFT_OPTIMIZATION_LEVEL = "-Onone";
			};
			name = Debug;
		};
		DEC3B445270076AC000E1F7D /* Release */ = {
			isa = XCBuildConfiguration;
			buildSettings = {
				ALWAYS_SEARCH_USER_PATHS = NO;
				CLANG_ANALYZER_NONNULL = YES;
				CLANG_ANALYZER_NUMBER_OBJECT_CONVERSION = YES_AGGRESSIVE;
				CLANG_CXX_LANGUAGE_STANDARD = "gnu++14";
				CLANG_CXX_LIBRARY = "libc++";
				CLANG_ENABLE_MODULES = YES;
				CLANG_ENABLE_OBJC_ARC = YES;
				CLANG_ENABLE_OBJC_WEAK = YES;
				CLANG_WARN_BLOCK_CAPTURE_AUTORELEASING = YES;
				CLANG_WARN_BOOL_CONVERSION = YES;
				CLANG_WARN_COMMA = YES;
				CLANG_WARN_CONSTANT_CONVERSION = YES;
				CLANG_WARN_DEPRECATED_OBJC_IMPLEMENTATIONS = YES;
				CLANG_WARN_DIRECT_OBJC_ISA_USAGE = YES_ERROR;
				CLANG_WARN_DOCUMENTATION_COMMENTS = YES;
				CLANG_WARN_EMPTY_BODY = YES;
				CLANG_WARN_ENUM_CONVERSION = YES;
				CLANG_WARN_INFINITE_RECURSION = YES;
				CLANG_WARN_INT_CONVERSION = YES;
				CLANG_WARN_NON_LITERAL_NULL_CONVERSION = YES;
				CLANG_WARN_OBJC_IMPLICIT_RETAIN_SELF = YES;
				CLANG_WARN_OBJC_LITERAL_CONVERSION = YES;
				CLANG_WARN_OBJC_ROOT_CLASS = YES_ERROR;
				CLANG_WARN_QUOTED_INCLUDE_IN_FRAMEWORK_HEADER = YES;
				CLANG_WARN_RANGE_LOOP_ANALYSIS = YES;
				CLANG_WARN_STRICT_PROTOTYPES = YES;
				CLANG_WARN_SUSPICIOUS_MOVE = YES;
				CLANG_WARN_UNGUARDED_AVAILABILITY = YES_AGGRESSIVE;
				CLANG_WARN_UNREACHABLE_CODE = YES;
				CLANG_WARN__DUPLICATE_METHOD_MATCH = YES;
				COPY_PHASE_STRIP = NO;
				DEBUG_INFORMATION_FORMAT = "dwarf-with-dsym";
				ENABLE_NS_ASSERTIONS = NO;
				ENABLE_STRICT_OBJC_MSGSEND = YES;
				GCC_C_LANGUAGE_STANDARD = gnu11;
				GCC_NO_COMMON_BLOCKS = YES;
				GCC_WARN_64_TO_32_BIT_CONVERSION = YES;
				GCC_WARN_ABOUT_RETURN_TYPE = YES_ERROR;
				GCC_WARN_UNDECLARED_SELECTOR = YES;
				GCC_WARN_UNINITIALIZED_AUTOS = YES_AGGRESSIVE;
				GCC_WARN_UNUSED_FUNCTION = YES;
				GCC_WARN_UNUSED_VARIABLE = YES;
				IPHONEOS_DEPLOYMENT_TARGET = 14.5;
				MTL_ENABLE_DEBUG_INFO = NO;
				MTL_FAST_MATH = YES;
				SDKROOT = iphoneos;
				SWIFT_COMPILATION_MODE = wholemodule;
				SWIFT_OPTIMIZATION_LEVEL = "-O";
				VALIDATE_PRODUCT = YES;
			};
			name = Release;
		};
		DEC3B447270076AC000E1F7D /* Debug */ = {
			isa = XCBuildConfiguration;
			buildSettings = {
				ASSETCATALOG_COMPILER_APPICON_NAME = AppIcon;
				ASSETCATALOG_COMPILER_GLOBAL_ACCENT_COLOR_NAME = AccentColor;
				CODE_SIGN_STYLE = Automatic;
				DEVELOPMENT_TEAM = 65N749B6LB;
				INFOPLIST_FILE = "exercise plan/Info.plist";
				LD_RUNPATH_SEARCH_PATHS = (
					"$(inherited)",
					"@executable_path/Frameworks",
				);
				PRODUCT_BUNDLE_IDENTIFIER = "com.heesu.exercise-plan";
				PRODUCT_NAME = "$(TARGET_NAME)";
				SWIFT_VERSION = 5.0;
				TARGETED_DEVICE_FAMILY = "1,2";
			};
			name = Debug;
		};
		DEC3B448270076AC000E1F7D /* Release */ = {
			isa = XCBuildConfiguration;
			buildSettings = {
				ASSETCATALOG_COMPILER_APPICON_NAME = AppIcon;
				ASSETCATALOG_COMPILER_GLOBAL_ACCENT_COLOR_NAME = AccentColor;
				CODE_SIGN_STYLE = Automatic;
				DEVELOPMENT_TEAM = 65N749B6LB;
				INFOPLIST_FILE = "exercise plan/Info.plist";
				LD_RUNPATH_SEARCH_PATHS = (
					"$(inherited)",
					"@executable_path/Frameworks",
				);
				PRODUCT_BUNDLE_IDENTIFIER = "com.heesu.exercise-plan";
				PRODUCT_NAME = "$(TARGET_NAME)";
				SWIFT_VERSION = 5.0;
				TARGETED_DEVICE_FAMILY = "1,2";
			};
			name = Release;
		};
/* End XCBuildConfiguration section */

/* Begin XCConfigurationList section */
		DEC3B42D270076AB000E1F7D /* Build configuration list for PBXProject "exercise plan" */ = {
			isa = XCConfigurationList;
			buildConfigurations = (
				DEC3B444270076AC000E1F7D /* Debug */,
				DEC3B445270076AC000E1F7D /* Release */,
			);
			defaultConfigurationIsVisible = 0;
			defaultConfigurationName = Release;
		};
		DEC3B446270076AC000E1F7D /* Build configuration list for PBXNativeTarget "exercise plan" */ = {
			isa = XCConfigurationList;
			buildConfigurations = (
				DEC3B447270076AC000E1F7D /* Debug */,
				DEC3B448270076AC000E1F7D /* Release */,
			);
			defaultConfigurationIsVisible = 0;
			defaultConfigurationName = Release;
		};
/* End XCConfigurationList section */
	};
	rootObject = DEC3B42A270076AB000E1F7D /* Project object */;
}
